
Microsoft Visual Studio Solution File, Format Version 12.00
# Visual Studio Version 17
VisualStudioVersion = 17.11.35312.102
MinimumVisualStudioVersion = 10.0.40219.1
Project("{FAE04EC0-301F-11D3-BF4B-00C04F79EFBC}") = "Hospedes", "Hospedes.csproj", "{D44F7E55-CC42-49AF-9C87-E36F73D7E736}"
EndProject
Global
	GlobalSection(SolutionConfigurationPlatforms) = preSolution
		Debug|Any CPU = Debug|Any CPU
		Release|Any CPU = Release|Any CPU
	EndGlobalSection
	GlobalSection(ProjectConfigurationPlatforms) = postSolution
		{D44F7E55-CC42-49AF-9C87-E36F73D7E736}.Debug|Any CPU.ActiveCfg = Debug|Any CPU
		{D44F7E55-CC42-49AF-9C87-E36F73D7E736}.Debug|Any CPU.Build.0 = Debug|Any CPU
		{D44F7E55-CC42-49AF-9C87-E36F73D7E736}.Release|Any CPU.ActiveCfg = Release|Any CPU
		{D44F7E55-CC42-49AF-9C87-E36F73D7E736}.Release|Any CPU.Build.0 = Release|Any CPU
	EndGlobalSection
	GlobalSection(SolutionProperties) = preSolution
		HideSolutionNode = FALSE
	EndGlobalSection
	GlobalSection(ExtensibilityGlobals) = postSolution
		SolutionGuid = {DCE845CA-3ACE-41DF-88F9-C24184F49E78}
	EndGlobalSection
EndGlobal
